<?xml version="1.0" encoding="utf-8"?>
<Project ToolsVersion="4.0" xmlns="http://schemas.microsoft.com/developer/msbuild/2003">
  <ItemGroup>
    <Filter Include="Source Files">
      <UniqueIdentifier>{4FC737F1-C7A5-4376-A066-2A32D752A2FF}</UniqueIdentifier>
      <Extensions>cpp;c;cc;cxx;c++;cppm;ixx;def;odl;idl;hpj;bat;asm;asmx</Extensions>
    </Filter>
    <Filter Include="Header Files">
      <UniqueIdentifier>{93995380-89BD-4b04-88EB-625FBE52EBFB}</UniqueIdentifier>
      <Extensions>h;hh;hpp;hxx;h++;hm;inl;inc;ipp;xsd</Extensions>
    </Filter>
    <Filter Include="Resource Files">
      <UniqueIdentifier>{67DA6AB6-F800-4c08-8B7A-83BB121AAD01}</UniqueIdentifier>
      <Extensions>rc;ico;cur;bmp;dlg;rc2;rct;bin;rgs;gif;jpg;jpeg;jpe;resx;tiff;tif;png;wav;mfcribbon-ms</Extensions>
    </Filter>
  </ItemGroup>
  <ItemGroup>
    <ClInclude Include="XFile.h">
      <Filter>Header Files</Filter>
    </ClInclude>
    <ClInclude Include="XFileReader.h">
      <Filter>Header Files</Filter>
    </ClInclude>
    <ClInclude Include="XFileMesh.h">
      <Filter>Header Files</Filter>
    </ClInclude>
    <ClInclude Include="XFileVector.h">
      <Filter>Header Files</Filter>
    </ClInclude>
    <ClInclude Include="XFileMeshNormals.h">
      <Filter>Header Files</Filter>
    </ClInclude>
    <ClInclude Include="XFileMeshTextureCoords.h">
      <Filter>Header Files</Filter>
    </ClInclude>
    <ClInclude Include="XFileCoords2d.h">
      <Filter>Header Files</Filter>
    </ClInclude>
    <ClInclude Include="XFileMeshFace.h">
      <Filter>Header Files</Filter>
    </ClInclude>
    <ClInclude Include="XFileTextureFilename.h">
      <Filter>Header Files</Filter>
    </ClInclude>
    <ClInclude Include="XFileColorRGBA.h">
      <Filter>Header Files</Filter>
    </ClInclude>
    <ClInclude Include="XFileMaterial.h">
      <Filter>Header Files</Filter>
    </ClInclude>
    <ClInclude Include="XFileColorRGB.h">
      <Filter>Header Files</Filter>
    </ClInclude>
    <ClInclude Include="XFileObject.h">
      <Filter>Header Files</Filter>
    </ClInclude>
    <ClInclude Include="XFileData.h">
      <Filter>Header Files</Filter>
    </ClInclude>
    <ClInclude Include="XFileMeshMaterialList.h">
      <Filter>Header Files</Filter>
    </ClInclude>
  </ItemGroup>
  <ItemGroup>
    <ClCompile Include="XFile.cpp">
      <Filter>Source Files</Filter>
    </ClCompile>
    <ClCompile Include="XFileReader.cpp">
      <Filter>Source Files</Filter>
    </ClCompile>
    <ClCompile Include="XFileMesh.cpp">
      <Filter>Source Files</Filter>
    </ClCompile>
    <ClCompile Include="XFileMeshNormals.cpp">
      <Filter>Source Files</Filter>
    </ClCompile>
    <ClCompile Include="XFileMeshTextureCoords.cpp">
      <Filter>Source Files</Filter>
    </ClCompile>
    <ClCompile Include="XFileObject.cpp">
      <Filter>Source Files</Filter>
    </ClCompile>
    <ClCompile Include="XFileData.cpp">
      <Filter>Source Files</Filter>
    </ClCompile>
    <ClCompile Include="XFileMeshMaterialList.cpp">
      <Filter>Source Files</Filter>
    </ClCompile>
    <ClCompile Include="XFileMaterial.cpp">
      <Filter>Source Files</Filter>
    </ClCompile>
    <ClCompile Include="XFileTextureFilename.cpp">
      <Filter>Source Files</Filter>
    </ClCompile>
  </ItemGroup>
</Project>